proj_file_hash = "2d874c670933155e5d8b3e6b1d75efb5"

[[dependencies]]
name = "hash"
version = "1.1.1"
path = ".fixlang/deps/hash_1.1.1"

[dependencies.git]
repo = "https://github.com/tttmmmyyyy/fixlang-hash.git"
rev = "145a20913eb9c280edd616d5b9977d33303343c1"

[[dependencies]]
name = "hashmap"
version = "2.0.0"
path = ".fixlang/deps/hashmap_2.0.0"

[dependencies.git]
repo = "https://github.com/tttmmmyyyy/fixlang-hashmap.git"
rev = "26bcb6c7cb66cc39b4f2604e1c94aa7730e03a9e"
