proj_file_hash = "f63e96fe55964973e25bc386611a6428"

[[dependencies]]
name = "hash"
version = "1.1.1"
path = ".fixlang/deps/hash_1.1.1"

[dependencies.git]
repo = "https://github.com/tttmmmyyyy/fixlang-hash.git"
rev = "145a20913eb9c280edd616d5b9977d33303343c1"

[[dependencies]]
name = "hashmap"
version = "1.2.0"
path = ".fixlang/deps/hashmap_1.2.0"

[dependencies.git]
repo = "https://github.com/tttmmmyyyy/fixlang-hashmap.git"
rev = "a7cb58fef24d0cf11ba305faf4f764dca72ecc45"
